
Microsoft Visual Studio Solution File, Format Version 12.00
# Visual Studio 2013
VisualStudioVersion = 12.0.30501.0
MinimumVisualStudioVersion = 10.0.40219.1
Project("{FAE04EC0-301F-11D3-BF4B-00C04F79EFBC}") = "Hodor.Console", "CSharpHodor\Hodor.Console.csproj", "{4AF07158-6DF9-4670-9234-3F76F6C5D970}"
EndProject
Project("{FAE04EC0-301F-11D3-BF4B-00C04F79EFBC}") = "Hodor.Libraries", "Hodor.Interception\Hodor.Libraries.csproj", "{27374321-E2AC-40BA-AD32-15B3EEA0DF23}"
EndProject
Project("{FAE04EC0-301F-11D3-BF4B-00C04F79EFBC}") = "Hodor.Service", "Hodor.Service\Hodor.Service.csproj", "{4ADF57C0-22AF-4CCA-968C-F5A2DC984DC2}"
EndProject
Project("{FAE04EC0-301F-11D3-BF4B-00C04F79EFBC}") = "Hodor.WinService", "Hodor.WinService\Hodor.WinService.csproj", "{E6F2F9F8-7CBD-4FEF-A476-63B8D745E8B5}"
EndProject
Project("{FAE04EC0-301F-11D3-BF4B-00C04F79EFBC}") = "Hodor.Client", "Hodor.Client\Hodor.Client.csproj", "{B3A13055-A760-409B-B3A0-A44456812A00}"
	ProjectSection(ProjectDependencies) = postProject
		{4ADF57C0-22AF-4CCA-968C-F5A2DC984DC2} = {4ADF57C0-22AF-4CCA-968C-F5A2DC984DC2}
	EndProjectSection
EndProject
Project("{FAE04EC0-301F-11D3-BF4B-00C04F79EFBC}") = "Hodor.ConsoleServiceHost", "Hodor.ConsoleServiceHost\Hodor.ConsoleServiceHost.csproj", "{849E2B6A-6441-45BD-AD11-5F1947B28EFC}"
EndProject
Project("{54435603-DBB4-11D2-8724-00A0C9A8B90C}") = "Hodor.ServiceInstaller", "Hodor.ServiceInstaller\Hodor.ServiceInstaller.vdproj", "{2A461EB7-4B52-4A7B-AF43-CFC8353349EC}"
EndProject
Project("{FAE04EC0-301F-11D3-BF4B-00C04F79EFBC}") = "Hodor.Scheduler", "Hodor.Scheduler\Hodor.Scheduler.csproj", "{9DC9495C-CF69-4BD0-92E7-06AD2C33D3E1}"
EndProject
Global
	GlobalSection(SolutionConfigurationPlatforms) = preSolution
		Debug|Any CPU = Debug|Any CPU
		Debug|Mixed Platforms = Debug|Mixed Platforms
		Debug|Win32 = Debug|Win32
		Debug|x86 = Debug|x86
		Release|Any CPU = Release|Any CPU
		Release|Mixed Platforms = Release|Mixed Platforms
		Release|Win32 = Release|Win32
		Release|x86 = Release|x86
	EndGlobalSection
	GlobalSection(ProjectConfigurationPlatforms) = postSolution
		{4AF07158-6DF9-4670-9234-3F76F6C5D970}.Debug|Any CPU.ActiveCfg = Debug|Any CPU
		{4AF07158-6DF9-4670-9234-3F76F6C5D970}.Debug|Any CPU.Build.0 = Debug|Any CPU
		{4AF07158-6DF9-4670-9234-3F76F6C5D970}.Debug|Mixed Platforms.ActiveCfg = Debug|Any CPU
		{4AF07158-6DF9-4670-9234-3F76F6C5D970}.Debug|Mixed Platforms.Build.0 = Debug|Any CPU
		{4AF07158-6DF9-4670-9234-3F76F6C5D970}.Debug|Win32.ActiveCfg = Debug|Any CPU
		{4AF07158-6DF9-4670-9234-3F76F6C5D970}.Debug|x86.ActiveCfg = Debug|Any CPU
		{4AF07158-6DF9-4670-9234-3F76F6C5D970}.Debug|x86.Build.0 = Debug|Any CPU
		{4AF07158-6DF9-4670-9234-3F76F6C5D970}.Release|Any CPU.ActiveCfg = Release|Any CPU
		{4AF07158-6DF9-4670-9234-3F76F6C5D970}.Release|Any CPU.Build.0 = Release|Any CPU
		{4AF07158-6DF9-4670-9234-3F76F6C5D970}.Release|Mixed Platforms.ActiveCfg = Release|Any CPU
		{4AF07158-6DF9-4670-9234-3F76F6C5D970}.Release|Mixed Platforms.Build.0 = Release|Any CPU
		{4AF07158-6DF9-4670-9234-3F76F6C5D970}.Release|Win32.ActiveCfg = Release|Any CPU
		{4AF07158-6DF9-4670-9234-3F76F6C5D970}.Release|x86.ActiveCfg = Release|x86
		{4AF07158-6DF9-4670-9234-3F76F6C5D970}.Release|x86.Build.0 = Release|x86
		{27374321-E2AC-40BA-AD32-15B3EEA0DF23}.Debug|Any CPU.ActiveCfg = Debug|Any CPU
		{27374321-E2AC-40BA-AD32-15B3EEA0DF23}.Debug|Any CPU.Build.0 = Debug|Any CPU
		{27374321-E2AC-40BA-AD32-15B3EEA0DF23}.Debug|Mixed Platforms.ActiveCfg = Debug|Any CPU
		{27374321-E2AC-40BA-AD32-15B3EEA0DF23}.Debug|Mixed Platforms.Build.0 = Debug|Any CPU
		{27374321-E2AC-40BA-AD32-15B3EEA0DF23}.Debug|Win32.ActiveCfg = Debug|Any CPU
		{27374321-E2AC-40BA-AD32-15B3EEA0DF23}.Debug|x86.ActiveCfg = Debug|Any CPU
		{27374321-E2AC-40BA-AD32-15B3EEA0DF23}.Debug|x86.Build.0 = Debug|Any CPU
		{27374321-E2AC-40BA-AD32-15B3EEA0DF23}.Release|Any CPU.ActiveCfg = Release|Any CPU
		{27374321-E2AC-40BA-AD32-15B3EEA0DF23}.Release|Any CPU.Build.0 = Release|Any CPU
		{27374321-E2AC-40BA-AD32-15B3EEA0DF23}.Release|Mixed Platforms.ActiveCfg = Release|Any CPU
		{27374321-E2AC-40BA-AD32-15B3EEA0DF23}.Release|Mixed Platforms.Build.0 = Release|Any CPU
		{27374321-E2AC-40BA-AD32-15B3EEA0DF23}.Release|Win32.ActiveCfg = Release|Any CPU
		{27374321-E2AC-40BA-AD32-15B3EEA0DF23}.Release|x86.ActiveCfg = Release|x86
		{27374321-E2AC-40BA-AD32-15B3EEA0DF23}.Release|x86.Build.0 = Release|x86
		{4ADF57C0-22AF-4CCA-968C-F5A2DC984DC2}.Debug|Any CPU.ActiveCfg = Debug|Any CPU
		{4ADF57C0-22AF-4CCA-968C-F5A2DC984DC2}.Debug|Any CPU.Build.0 = Debug|Any CPU
		{4ADF57C0-22AF-4CCA-968C-F5A2DC984DC2}.Debug|Mixed Platforms.ActiveCfg = Debug|Any CPU
		{4ADF57C0-22AF-4CCA-968C-F5A2DC984DC2}.Debug|Mixed Platforms.Build.0 = Debug|Any CPU
		{4ADF57C0-22AF-4CCA-968C-F5A2DC984DC2}.Debug|Win32.ActiveCfg = Debug|Any CPU
		{4ADF57C0-22AF-4CCA-968C-F5A2DC984DC2}.Debug|x86.ActiveCfg = Debug|Any CPU
		{4ADF57C0-22AF-4CCA-968C-F5A2DC984DC2}.Debug|x86.Build.0 = Debug|Any CPU
		{4ADF57C0-22AF-4CCA-968C-F5A2DC984DC2}.Release|Any CPU.ActiveCfg = Release|Any CPU
		{4ADF57C0-22AF-4CCA-968C-F5A2DC984DC2}.Release|Any CPU.Build.0 = Release|Any CPU
		{4ADF57C0-22AF-4CCA-968C-F5A2DC984DC2}.Release|Mixed Platforms.ActiveCfg = Release|Any CPU
		{4ADF57C0-22AF-4CCA-968C-F5A2DC984DC2}.Release|Mixed Platforms.Build.0 = Release|Any CPU
		{4ADF57C0-22AF-4CCA-968C-F5A2DC984DC2}.Release|Win32.ActiveCfg = Release|Any CPU
		{4ADF57C0-22AF-4CCA-968C-F5A2DC984DC2}.Release|x86.ActiveCfg = Release|x86
		{4ADF57C0-22AF-4CCA-968C-F5A2DC984DC2}.Release|x86.Build.0 = Release|x86
		{E6F2F9F8-7CBD-4FEF-A476-63B8D745E8B5}.Debug|Any CPU.ActiveCfg = Debug|Any CPU
		{E6F2F9F8-7CBD-4FEF-A476-63B8D745E8B5}.Debug|Any CPU.Build.0 = Debug|Any CPU
		{E6F2F9F8-7CBD-4FEF-A476-63B8D745E8B5}.Debug|Mixed Platforms.ActiveCfg = Debug|Any CPU
		{E6F2F9F8-7CBD-4FEF-A476-63B8D745E8B5}.Debug|Mixed Platforms.Build.0 = Debug|Any CPU
		{E6F2F9F8-7CBD-4FEF-A476-63B8D745E8B5}.Debug|Win32.ActiveCfg = Debug|Any CPU
		{E6F2F9F8-7CBD-4FEF-A476-63B8D745E8B5}.Debug|x86.ActiveCfg = Debug|Any CPU
		{E6F2F9F8-7CBD-4FEF-A476-63B8D745E8B5}.Debug|x86.Build.0 = Debug|Any CPU
		{E6F2F9F8-7CBD-4FEF-A476-63B8D745E8B5}.Release|Any CPU.ActiveCfg = Release|Any CPU
		{E6F2F9F8-7CBD-4FEF-A476-63B8D745E8B5}.Release|Any CPU.Build.0 = Release|Any CPU
		{E6F2F9F8-7CBD-4FEF-A476-63B8D745E8B5}.Release|Mixed Platforms.ActiveCfg = Release|Any CPU
		{E6F2F9F8-7CBD-4FEF-A476-63B8D745E8B5}.Release|Mixed Platforms.Build.0 = Release|Any CPU
		{E6F2F9F8-7CBD-4FEF-A476-63B8D745E8B5}.Release|Win32.ActiveCfg = Release|Any CPU
		{E6F2F9F8-7CBD-4FEF-A476-63B8D745E8B5}.Release|x86.ActiveCfg = Release|x86
		{E6F2F9F8-7CBD-4FEF-A476-63B8D745E8B5}.Release|x86.Build.0 = Release|x86
		{B3A13055-A760-409B-B3A0-A44456812A00}.Debug|Any CPU.ActiveCfg = Debug|Any CPU
		{B3A13055-A760-409B-B3A0-A44456812A00}.Debug|Any CPU.Build.0 = Debug|Any CPU
		{B3A13055-A760-409B-B3A0-A44456812A00}.Debug|Mixed Platforms.ActiveCfg = Debug|Any CPU
		{B3A13055-A760-409B-B3A0-A44456812A00}.Debug|Mixed Platforms.Build.0 = Debug|Any CPU
		{B3A13055-A760-409B-B3A0-A44456812A00}.Debug|Win32.ActiveCfg = Debug|Any CPU
		{B3A13055-A760-409B-B3A0-A44456812A00}.Debug|x86.ActiveCfg = Debug|Any CPU
		{B3A13055-A760-409B-B3A0-A44456812A00}.Debug|x86.Build.0 = Debug|Any CPU
		{B3A13055-A760-409B-B3A0-A44456812A00}.Release|Any CPU.ActiveCfg = Release|Any CPU
		{B3A13055-A760-409B-B3A0-A44456812A00}.Release|Any CPU.Build.0 = Release|Any CPU
		{B3A13055-A760-409B-B3A0-A44456812A00}.Release|Mixed Platforms.ActiveCfg = Release|Any CPU
		{B3A13055-A760-409B-B3A0-A44456812A00}.Release|Mixed Platforms.Build.0 = Release|Any CPU
		{B3A13055-A760-409B-B3A0-A44456812A00}.Release|Win32.ActiveCfg = Release|Any CPU
		{B3A13055-A760-409B-B3A0-A44456812A00}.Release|x86.ActiveCfg = Release|x86
		{B3A13055-A760-409B-B3A0-A44456812A00}.Release|x86.Build.0 = Release|x86
		{849E2B6A-6441-45BD-AD11-5F1947B28EFC}.Debug|Any CPU.ActiveCfg = Debug|Any CPU
		{849E2B6A-6441-45BD-AD11-5F1947B28EFC}.Debug|Any CPU.Build.0 = Debug|Any CPU
		{849E2B6A-6441-45BD-AD11-5F1947B28EFC}.Debug|Mixed Platforms.ActiveCfg = Debug|Any CPU
		{849E2B6A-6441-45BD-AD11-5F1947B28EFC}.Debug|Mixed Platforms.Build.0 = Debug|Any CPU
		{849E2B6A-6441-45BD-AD11-5F1947B28EFC}.Debug|Win32.ActiveCfg = Debug|Any CPU
		{849E2B6A-6441-45BD-AD11-5F1947B28EFC}.Debug|x86.ActiveCfg = Debug|Any CPU
		{849E2B6A-6441-45BD-AD11-5F1947B28EFC}.Release|Any CPU.ActiveCfg = Release|Any CPU
		{849E2B6A-6441-45BD-AD11-5F1947B28EFC}.Release|Any CPU.Build.0 = Release|Any CPU
		{849E2B6A-6441-45BD-AD11-5F1947B28EFC}.Release|Mixed Platforms.ActiveCfg = Release|Any CPU
		{849E2B6A-6441-45BD-AD11-5F1947B28EFC}.Release|Mixed Platforms.Build.0 = Release|Any CPU
		{849E2B6A-6441-45BD-AD11-5F1947B28EFC}.Release|Win32.ActiveCfg = Release|Any CPU
		{849E2B6A-6441-45BD-AD11-5F1947B28EFC}.Release|x86.ActiveCfg = Release|Any CPU
		{2A461EB7-4B52-4A7B-AF43-CFC8353349EC}.Debug|Any CPU.ActiveCfg = Debug
		{2A461EB7-4B52-4A7B-AF43-CFC8353349EC}.Debug|Mixed Platforms.ActiveCfg = Debug
		{2A461EB7-4B52-4A7B-AF43-CFC8353349EC}.Debug|Win32.ActiveCfg = Debug
		{2A461EB7-4B52-4A7B-AF43-CFC8353349EC}.Debug|x86.ActiveCfg = Debug
		{2A461EB7-4B52-4A7B-AF43-CFC8353349EC}.Release|Any CPU.ActiveCfg = Release
		{2A461EB7-4B52-4A7B-AF43-CFC8353349EC}.Release|Mixed Platforms.ActiveCfg = Release
		{2A461EB7-4B52-4A7B-AF43-CFC8353349EC}.Release|Win32.ActiveCfg = Release
		{2A461EB7-4B52-4A7B-AF43-CFC8353349EC}.Release|x86.ActiveCfg = Release
		{9DC9495C-CF69-4BD0-92E7-06AD2C33D3E1}.Debug|Any CPU.ActiveCfg = Debug|Any CPU
		{9DC9495C-CF69-4BD0-92E7-06AD2C33D3E1}.Debug|Any CPU.Build.0 = Debug|Any CPU
		{9DC9495C-CF69-4BD0-92E7-06AD2C33D3E1}.Debug|Mixed Platforms.ActiveCfg = Debug|Any CPU
		{9DC9495C-CF69-4BD0-92E7-06AD2C33D3E1}.Debug|Mixed Platforms.Build.0 = Debug|Any CPU
		{9DC9495C-CF69-4BD0-92E7-06AD2C33D3E1}.Debug|Win32.ActiveCfg = Debug|Any CPU
		{9DC9495C-CF69-4BD0-92E7-06AD2C33D3E1}.Debug|x86.ActiveCfg = Debug|Any CPU
		{9DC9495C-CF69-4BD0-92E7-06AD2C33D3E1}.Release|Any CPU.ActiveCfg = Release|Any CPU
		{9DC9495C-CF69-4BD0-92E7-06AD2C33D3E1}.Release|Any CPU.Build.0 = Release|Any CPU
		{9DC9495C-CF69-4BD0-92E7-06AD2C33D3E1}.Release|Mixed Platforms.ActiveCfg = Release|Any CPU
		{9DC9495C-CF69-4BD0-92E7-06AD2C33D3E1}.Release|Mixed Platforms.Build.0 = Release|Any CPU
		{9DC9495C-CF69-4BD0-92E7-06AD2C33D3E1}.Release|Win32.ActiveCfg = Release|Any CPU
		{9DC9495C-CF69-4BD0-92E7-06AD2C33D3E1}.Release|x86.ActiveCfg = Release|Any CPU
	EndGlobalSection
	GlobalSection(SolutionProperties) = preSolution
		HideSolutionNode = FALSE
	EndGlobalSection
EndGlobal
